
Microsoft Visual Studio Solution File, Format Version 12.00
# Visual Studio Version 17
VisualStudioVersion = 17.4.33213.308
MinimumVisualStudioVersion = 10.0.40219.1
Project("{FAE04EC0-301F-11D3-BF4B-00C04F79EFBC}") = "HPlusSportTDD.Core.Tests", "HPlusSportTDD.Core.Tests\HPlusSportTDD.Core.Tests.csproj", "{C2C33574-6C66-4DB3-8FBB-1961099FEE84}"
EndProject
Global
	GlobalSection(SolutionConfigurationPlatforms) = preSolution
		Debug|Any CPU = Debug|Any CPU
		Release|Any CPU = Release|Any CPU
	EndGlobalSection
	GlobalSection(ProjectConfigurationPlatforms) = postSolution
		{C2C33574-6C66-4DB3-8FBB-1961099FEE84}.Debug|Any CPU.ActiveCfg = Debug|Any CPU
		{C2C33574-6C66-4DB3-8FBB-1961099FEE84}.Debug|Any CPU.Build.0 = Debug|Any CPU
		{C2C33574-6C66-4DB3-8FBB-1961099FEE84}.Release|Any CPU.ActiveCfg = Release|Any CPU
		{C2C33574-6C66-4DB3-8FBB-1961099FEE84}.Release|Any CPU.Build.0 = Release|Any CPU
	EndGlobalSection
	GlobalSection(SolutionProperties) = preSolution
		HideSolutionNode = FALSE
	EndGlobalSection
	GlobalSection(ExtensibilityGlobals) = postSolution
		SolutionGuid = {6486C515-6307-444E-A435-EDF984E364E5}
	EndGlobalSection
EndGlobal
