
Microsoft Visual Studio Solution File, Format Version 12.00
# Visual Studio Version 17
VisualStudioVersion = 17.4.33213.308
MinimumVisualStudioVersion = 10.0.40219.1
Project("{FAE04EC0-301F-11D3-BF4B-00C04F79EFBC}") = "Bank", "Bank\Bank.csproj", "{20CFC416-1414-4007-AEF6-FA722E95E1C5}"
EndProject
Project("{FAE04EC0-301F-11D3-BF4B-00C04F79EFBC}") = "BankTests", "BankTests\BankTests.csproj", "{770BAF71-FF32-4B5D-8DD3-61505D084114}"
EndProject
Global
	GlobalSection(SolutionConfigurationPlatforms) = preSolution
		Debug|Any CPU = Debug|Any CPU
		Release|Any CPU = Release|Any CPU
	EndGlobalSection
	GlobalSection(ProjectConfigurationPlatforms) = postSolution
		{20CFC416-1414-4007-AEF6-FA722E95E1C5}.Debug|Any CPU.ActiveCfg = Debug|Any CPU
		{20CFC416-1414-4007-AEF6-FA722E95E1C5}.Debug|Any CPU.Build.0 = Debug|Any CPU
		{20CFC416-1414-4007-AEF6-FA722E95E1C5}.Release|Any CPU.ActiveCfg = Release|Any CPU
		{20CFC416-1414-4007-AEF6-FA722E95E1C5}.Release|Any CPU.Build.0 = Release|Any CPU
		{770BAF71-FF32-4B5D-8DD3-61505D084114}.Debug|Any CPU.ActiveCfg = Debug|Any CPU
		{770BAF71-FF32-4B5D-8DD3-61505D084114}.Debug|Any CPU.Build.0 = Debug|Any CPU
		{770BAF71-FF32-4B5D-8DD3-61505D084114}.Release|Any CPU.ActiveCfg = Release|Any CPU
		{770BAF71-FF32-4B5D-8DD3-61505D084114}.Release|Any CPU.Build.0 = Release|Any CPU
	EndGlobalSection
	GlobalSection(SolutionProperties) = preSolution
		HideSolutionNode = FALSE
	EndGlobalSection
	GlobalSection(ExtensibilityGlobals) = postSolution
		SolutionGuid = {88D16623-DFF8-4907-BE82-61C065E1DD30}
	EndGlobalSection
EndGlobal
