
Microsoft Visual Studio Solution File, Format Version 12.00
# Visual Studio Version 17
VisualStudioVersion = 17.4.33205.214
MinimumVisualStudioVersion = 10.0.40219.1
Project("{FAE04EC0-301F-11D3-BF4B-00C04F79EFBC}") = "TicTacToe", "TicTacToe\TicTacToe.csproj", "{AAA9B936-D267-4D85-BC12-73B66AF106C9}"
EndProject
Global
	GlobalSection(SolutionConfigurationPlatforms) = preSolution
		Debug|Any CPU = Debug|Any CPU
		Release|Any CPU = Release|Any CPU
	EndGlobalSection
	GlobalSection(ProjectConfigurationPlatforms) = postSolution
		{AAA9B936-D267-4D85-BC12-73B66AF106C9}.Debug|Any CPU.ActiveCfg = Debug|Any CPU
		{AAA9B936-D267-4D85-BC12-73B66AF106C9}.Debug|Any CPU.Build.0 = Debug|Any CPU
		{AAA9B936-D267-4D85-BC12-73B66AF106C9}.Release|Any CPU.ActiveCfg = Release|Any CPU
		{AAA9B936-D267-4D85-BC12-73B66AF106C9}.Release|Any CPU.Build.0 = Release|Any CPU
	EndGlobalSection
	GlobalSection(SolutionProperties) = preSolution
		HideSolutionNode = FALSE
	EndGlobalSection
	GlobalSection(ExtensibilityGlobals) = postSolution
		SolutionGuid = {98B5B878-DD7F-45C6-9474-A00609A1CC3F}
	EndGlobalSection
EndGlobal
