
Microsoft Visual Studio Solution File, Format Version 12.00
# Visual Studio Version 16
VisualStudioVersion = 16.0.33214.272
MinimumVisualStudioVersion = 10.0.40219.1
Project("{FAE04EC0-301F-11D3-BF4B-00C04F79EFBC}") = "WebAppTest", "WebAppTest\WebAppTest.csproj", "{6B7FACAF-2AE6-4BFB-9E5C-96226B8AC2AD}"
EndProject
Global
	GlobalSection(SolutionConfigurationPlatforms) = preSolution
		Debug|Any CPU = Debug|Any CPU
		Release|Any CPU = Release|Any CPU
	EndGlobalSection
	GlobalSection(ProjectConfigurationPlatforms) = postSolution
		{6B7FACAF-2AE6-4BFB-9E5C-96226B8AC2AD}.Debug|Any CPU.ActiveCfg = Debug|Any CPU
		{6B7FACAF-2AE6-4BFB-9E5C-96226B8AC2AD}.Debug|Any CPU.Build.0 = Debug|Any CPU
		{6B7FACAF-2AE6-4BFB-9E5C-96226B8AC2AD}.Release|Any CPU.ActiveCfg = Release|Any CPU
		{6B7FACAF-2AE6-4BFB-9E5C-96226B8AC2AD}.Release|Any CPU.Build.0 = Release|Any CPU
	EndGlobalSection
	GlobalSection(SolutionProperties) = preSolution
		HideSolutionNode = FALSE
	EndGlobalSection
	GlobalSection(ExtensibilityGlobals) = postSolution
		SolutionGuid = {A5DC66FD-7490-4E65-91ED-B7B98FF0D3E6}
	EndGlobalSection
EndGlobal
